{
  "lockfile-version": 1,
  "manifest": {
    "version": 1,
    "install": {
      "awscli2": {
        "pkg-path": "awscli2"
      },
      "eksctl": {
        "pkg-path": "eksctl"
      },
      "opentofu": {
        "pkg-path": "opentofu"
      }
    },
    "hook": {},
    "profile": {},
    "options": {}
  },
  "packages": [
    {
      "attr_path": "awscli2",
      "broken": false,
      "derivation": "/nix/store/3110f0gpn499f2ldy80ra7mp2xznwccf-awscli2-2.30.6.drv",
      "description": "Unified tool to manage your AWS services",
      "install_id": "awscli2",
      "license": "Apache-2.0",
      "locked_url": "https://github.com/flox/nixpkgs?rev=7df7ff7d8e00218376575f0acdcc5d66741351ee",
      "name": "awscli2-2.30.6",
      "pname": "awscli2",
      "rev": "7df7ff7d8e00218376575f0acdcc5d66741351ee",
      "rev_count": 870157,
      "rev_date": "2025-10-02T04:57:58Z",
      "scrape_date": "2025-10-03T04:40:08.435950Z",
      "stabilities": [
        "staging",
        "unstable"
      ],
      "unfree": false,
      "version": "2.30.6",
      "outputs_to_install": [
        "out"
      ],
      "outputs": {
        "dist": "/nix/store/s4f1czrm7wdkjw65lpimbqq6jkfzy2my-awscli2-2.30.6-dist",
        "out": "/nix/store/i08y6gn9acczi56lyklgq7b09r3vrwna-awscli2-2.30.6"
      },
      "system": "aarch64-darwin",
      "group": "toplevel",
      "priority": 5
    },
    {
      "attr_path": "awscli2",
      "broken": false,
      "derivation": "/nix/store/k8g2qwz6gh9kaccs8lj07nzkyshrirgh-awscli2-2.30.6.drv",
      "description": "Unified tool to manage your AWS services",
      "install_id": "awscli2",
      "license": "Apache-2.0",
      "locked_url": "https://github.com/flox/nixpkgs?rev=7df7ff7d8e00218376575f0acdcc5d66741351ee",
      "name": "awscli2-2.30.6",
      "pname": "awscli2",
      "rev": "7df7ff7d8e00218376575f0acdcc5d66741351ee",
      "rev_count": 870157,
      "rev_date": "2025-10-02T04:57:58Z",
      "scrape_date": "2025-10-03T04:56:37.982341Z",
      "stabilities": [
        "staging",
        "unstable"
      ],
      "unfree": false,
      "version": "2.30.6",
      "outputs_to_install": [
        "out"
      ],
      "outputs": {
        "dist": "/nix/store/jxzvmmcnkv6n0vbm7ls9nxcjylaynjmb-awscli2-2.30.6-dist",
        "out": "/nix/store/b68fb60nadsb8s487viqwljkvvrygk1z-awscli2-2.30.6"
      },
      "system": "aarch64-linux",
      "group": "toplevel",
      "priority": 5
    },
    {
      "attr_path": "awscli2",
      "broken": false,
      "derivation": "/nix/store/v1cy648q1k1b8q6may76l9x1faq4b2hv-awscli2-2.30.6.drv",
      "description": "Unified tool to manage your AWS services",
      "install_id": "awscli2",
      "license": "Apache-2.0",
      "locked_url": "https://github.com/flox/nixpkgs?rev=7df7ff7d8e00218376575f0acdcc5d66741351ee",
      "name": "awscli2-2.30.6",
      "pname": "awscli2",
      "rev": "7df7ff7d8e00218376575f0acdcc5d66741351ee",
      "rev_count": 870157,
      "rev_date": "2025-10-02T04:57:58Z",
      "scrape_date": "2025-10-03T05:12:15.152317Z",
      "stabilities": [
        "staging",
        "unstable"
      ],
      "unfree": false,
      "version": "2.30.6",
      "outputs_to_install": [
        "out"
      ],
      "outputs": {
        "dist": "/nix/store/8021q4w402yvwdkv4h2pb1868wnxmviv-awscli2-2.30.6-dist",
        "out": "/nix/store/0sb2w1cs1zq68ywg8c4mhpsd5scvj4mq-awscli2-2.30.6"
      },
      "system": "x86_64-darwin",
      "group": "toplevel",
      "priority": 5
    },
    {
      "attr_path": "awscli2",
      "broken": false,
      "derivation": "/nix/store/x4plc3wra7wpk47jkpp2a5yxkzfz2df4-awscli2-2.30.6.drv",
      "description": "Unified tool to manage your AWS services",
      "install_id": "awscli2",
      "license": "Apache-2.0",
      "locked_url": "https://github.com/flox/nixpkgs?rev=7df7ff7d8e00218376575f0acdcc5d66741351ee",
      "name": "awscli2-2.30.6",
      "pname": "awscli2",
      "rev": "7df7ff7d8e00218376575f0acdcc5d66741351ee",
      "rev_count": 870157,
      "rev_date": "2025-10-02T04:57:58Z",
      "scrape_date": "2025-10-03T05:27:31.344469Z",
      "stabilities": [
        "staging",
        "unstable"
      ],
      "unfree": false,
      "version": "2.30.6",
      "outputs_to_install": [
        "out"
      ],
      "outputs": {
        "dist": "/nix/store/r8nl2j8af0pi5kw5xycq5q8kbj9d8fhv-awscli2-2.30.6-dist",
        "out": "/nix/store/if232s292gdpinfx6gbkd3407l1i7k64-awscli2-2.30.6"
      },
      "system": "x86_64-linux",
      "group": "toplevel",
      "priority": 5
    },
    {
      "attr_path": "eksctl",
      "broken": false,
      "derivation": "/nix/store/crdpls723998crgqv33hhby8v8hqmbss-eksctl-0.214.0.drv",
      "description": "CLI for Amazon EKS",
      "install_id": "eksctl",
      "license": "Apache-2.0",
      "locked_url": "https://github.com/flox/nixpkgs?rev=7df7ff7d8e00218376575f0acdcc5d66741351ee",
      "name": "eksctl-0.214.0",
      "pname": "eksctl",
      "rev": "7df7ff7d8e00218376575f0acdcc5d66741351ee",
      "rev_count": 870157,
      "rev_date": "2025-10-02T04:57:58Z",
      "scrape_date": "2025-10-03T04:40:09.162533Z",
      "stabilities": [
        "staging",
        "unstable"
      ],
      "unfree": false,
      "version": "0.214.0",
      "outputs_to_install": [
        "out"
      ],
      "outputs": {
        "out": "/nix/store/3dd28ach53wgprcq51mb4sgf3khqr9gq-eksctl-0.214.0"
      },
      "system": "aarch64-darwin",
      "group": "toplevel",
      "priority": 5
    },
    {
      "attr_path": "eksctl",
      "broken": false,
      "derivation": "/nix/store/xzg8ciphppx1dnwxnw9kjg8rmzyf7bny-eksctl-0.214.0.drv",
      "description": "CLI for Amazon EKS",
      "install_id": "eksctl",
      "license": "Apache-2.0",
      "locked_url": "https://github.com/flox/nixpkgs?rev=7df7ff7d8e00218376575f0acdcc5d66741351ee",
      "name": "eksctl-0.214.0",
      "pname": "eksctl",
      "rev": "7df7ff7d8e00218376575f0acdcc5d66741351ee",
      "rev_count": 870157,
      "rev_date": "2025-10-02T04:57:58Z",
      "scrape_date": "2025-10-03T04:56:38.902599Z",
      "stabilities": [
        "staging",
        "unstable"
      ],
      "unfree": false,
      "version": "0.214.0",
      "outputs_to_install": [
        "out"
      ],
      "outputs": {
        "out": "/nix/store/dabhkzdbnlfa5nz4s9pgn9748y970gcl-eksctl-0.214.0"
      },
      "system": "aarch64-linux",
      "group": "toplevel",
      "priority": 5
    },
    {
      "attr_path": "eksctl",
      "broken": false,
      "derivation": "/nix/store/4nps3ms3sf5ck1bw8k65rryw8lzb6iy0-eksctl-0.214.0.drv",
      "description": "CLI for Amazon EKS",
      "install_id": "eksctl",
      "license": "Apache-2.0",
      "locked_url": "https://github.com/flox/nixpkgs?rev=7df7ff7d8e00218376575f0acdcc5d66741351ee",
      "name": "eksctl-0.214.0",
      "pname": "eksctl",
      "rev": "7df7ff7d8e00218376575f0acdcc5d66741351ee",
      "rev_count": 870157,
      "rev_date": "2025-10-02T04:57:58Z",
      "scrape_date": "2025-10-03T05:12:15.801124Z",
      "stabilities": [
        "staging",
        "unstable"
      ],
      "unfree": false,
      "version": "0.214.0",
      "outputs_to_install": [
        "out"
      ],
      "outputs": {
        "out": "/nix/store/gx3x4f3ahjkhwvq0a93spxg691v4rn0g-eksctl-0.214.0"
      },
      "system": "x86_64-darwin",
      "group": "toplevel",
      "priority": 5
    },
    {
      "attr_path": "eksctl",
      "broken": false,
      "derivation": "/nix/store/sah0dfjsgcf4avlrv2rs69yjzr0drq84-eksctl-0.214.0.drv",
      "description": "CLI for Amazon EKS",
      "install_id": "eksctl",
      "license": "Apache-2.0",
      "locked_url": "https://github.com/flox/nixpkgs?rev=7df7ff7d8e00218376575f0acdcc5d66741351ee",
      "name": "eksctl-0.214.0",
      "pname": "eksctl",
      "rev": "7df7ff7d8e00218376575f0acdcc5d66741351ee",
      "rev_count": 870157,
      "rev_date": "2025-10-02T04:57:58Z",
      "scrape_date": "2025-10-03T05:27:32.414388Z",
      "stabilities": [
        "staging",
        "unstable"
      ],
      "unfree": false,
      "version": "0.214.0",
      "outputs_to_install": [
        "out"
      ],
      "outputs": {
        "out": "/nix/store/z733f4ibkaxdmbwyfn7h7g5c5cdf91nn-eksctl-0.214.0"
      },
      "system": "x86_64-linux",
      "group": "toplevel",
      "priority": 5
    },
    {
      "attr_path": "opentofu",
      "broken": false,
      "derivation": "/nix/store/982vhbdcbxygwq8wsmvwgha7jv2p51af-opentofu-1.10.6.drv",
      "description": "Tool for building, changing, and versioning infrastructure",
      "install_id": "opentofu",
      "license": "MPL-2.0",
      "locked_url": "https://github.com/flox/nixpkgs?rev=7df7ff7d8e00218376575f0acdcc5d66741351ee",
      "name": "opentofu-1.10.6",
      "pname": "opentofu",
      "rev": "7df7ff7d8e00218376575f0acdcc5d66741351ee",
      "rev_count": 870157,
      "rev_date": "2025-10-02T04:57:58Z",
      "scrape_date": "2025-10-03T04:40:34.994657Z",
      "stabilities": [
        "staging",
        "unstable"
      ],
      "unfree": false,
      "version": "1.10.6",
      "outputs_to_install": [
        "out"
      ],
      "outputs": {
        "out": "/nix/store/zw217n1jrrsfq2c1f8sg45ncp8185fra-opentofu-1.10.6"
      },
      "system": "aarch64-darwin",
      "group": "toplevel",
      "priority": 5
    },
    {
      "attr_path": "opentofu",
      "broken": false,
      "derivation": "/nix/store/wq0va0pzvp9xk2514nkgfgbin1401iw3-opentofu-1.10.6.drv",
      "description": "Tool for building, changing, and versioning infrastructure",
      "install_id": "opentofu",
      "license": "MPL-2.0",
      "locked_url": "https://github.com/flox/nixpkgs?rev=7df7ff7d8e00218376575f0acdcc5d66741351ee",
      "name": "opentofu-1.10.6",
      "pname": "opentofu",
      "rev": "7df7ff7d8e00218376575f0acdcc5d66741351ee",
      "rev_count": 870157,
      "rev_date": "2025-10-02T04:57:58Z",
      "scrape_date": "2025-10-03T04:57:20.982151Z",
      "stabilities": [
        "staging",
        "unstable"
      ],
      "unfree": false,
      "version": "1.10.6",
      "outputs_to_install": [
        "out"
      ],
      "outputs": {
        "out": "/nix/store/zi5ms7qpfijbzrb7dhh7j6lnkbnvzlip-opentofu-1.10.6"
      },
      "system": "aarch64-linux",
      "group": "toplevel",
      "priority": 5
    },
    {
      "attr_path": "opentofu",
      "broken": false,
      "derivation": "/nix/store/z5g75ljqs741dbxps3y1zckz4axsvf0n-opentofu-1.10.6.drv",
      "description": "Tool for building, changing, and versioning infrastructure",
      "install_id": "opentofu",
      "license": "MPL-2.0",
      "locked_url": "https://github.com/flox/nixpkgs?rev=7df7ff7d8e00218376575f0acdcc5d66741351ee",
      "name": "opentofu-1.10.6",
      "pname": "opentofu",
      "rev": "7df7ff7d8e00218376575f0acdcc5d66741351ee",
      "rev_count": 870157,
      "rev_date": "2025-10-02T04:57:58Z",
      "scrape_date": "2025-10-03T05:12:40.533716Z",
      "stabilities": [
        "staging",
        "unstable"
      ],
      "unfree": false,
      "version": "1.10.6",
      "outputs_to_install": [
        "out"
      ],
      "outputs": {
        "out": "/nix/store/wzm2wx4l92zb2lg5xmham1dby3nbywz8-opentofu-1.10.6"
      },
      "system": "x86_64-darwin",
      "group": "toplevel",
      "priority": 5
    },
    {
      "attr_path": "opentofu",
      "broken": false,
      "derivation": "/nix/store/7w63gj8drzrgpjyw6rk9j0ag7q675zfg-opentofu-1.10.6.drv",
      "description": "Tool for building, changing, and versioning infrastructure",
      "install_id": "opentofu",
      "license": "MPL-2.0",
      "locked_url": "https://github.com/flox/nixpkgs?rev=7df7ff7d8e00218376575f0acdcc5d66741351ee",
      "name": "opentofu-1.10.6",
      "pname": "opentofu",
      "rev": "7df7ff7d8e00218376575f0acdcc5d66741351ee",
      "rev_count": 870157,
      "rev_date": "2025-10-02T04:57:58Z",
      "scrape_date": "2025-10-03T05:28:17.966363Z",
      "stabilities": [
        "staging",
        "unstable"
      ],
      "unfree": false,
      "version": "1.10.6",
      "outputs_to_install": [
        "out"
      ],
      "outputs": {
        "out": "/nix/store/b9rhnj9cjy15sd5xjq1cwvbav4k4yff2-opentofu-1.10.6"
      },
      "system": "x86_64-linux",
      "group": "toplevel",
      "priority": 5
    }
  ]
}
