{
  "lockfile-version": 1,
  "manifest": {
    "version": 1,
    "install": {
      "eksctl": {
        "pkg-path": "eksctl"
      },
      "terraform": {
        "pkg-path": "terraform"
      }
    },
    "hook": {},
    "profile": {},
    "options": {}
  },
  "packages": [
    {
      "attr_path": "eksctl",
      "broken": false,
      "derivation": "/nix/store/crdpls723998crgqv33hhby8v8hqmbss-eksctl-0.214.0.drv",
      "description": "CLI for Amazon EKS",
      "install_id": "eksctl",
      "license": "Apache-2.0",
      "locked_url": "https://github.com/flox/nixpkgs?rev=7df7ff7d8e00218376575f0acdcc5d66741351ee",
      "name": "eksctl-0.214.0",
      "pname": "eksctl",
      "rev": "7df7ff7d8e00218376575f0acdcc5d66741351ee",
      "rev_count": 870157,
      "rev_date": "2025-10-02T04:57:58Z",
      "scrape_date": "2025-10-03T04:40:09.162533Z",
      "stabilities": [
        "staging",
        "unstable"
      ],
      "unfree": false,
      "version": "0.214.0",
      "outputs_to_install": [
        "out"
      ],
      "outputs": {
        "out": "/nix/store/3dd28ach53wgprcq51mb4sgf3khqr9gq-eksctl-0.214.0"
      },
      "system": "aarch64-darwin",
      "group": "toplevel",
      "priority": 5
    },
    {
      "attr_path": "eksctl",
      "broken": false,
      "derivation": "/nix/store/xzg8ciphppx1dnwxnw9kjg8rmzyf7bny-eksctl-0.214.0.drv",
      "description": "CLI for Amazon EKS",
      "install_id": "eksctl",
      "license": "Apache-2.0",
      "locked_url": "https://github.com/flox/nixpkgs?rev=7df7ff7d8e00218376575f0acdcc5d66741351ee",
      "name": "eksctl-0.214.0",
      "pname": "eksctl",
      "rev": "7df7ff7d8e00218376575f0acdcc5d66741351ee",
      "rev_count": 870157,
      "rev_date": "2025-10-02T04:57:58Z",
      "scrape_date": "2025-10-03T04:56:38.902599Z",
      "stabilities": [
        "staging",
        "unstable"
      ],
      "unfree": false,
      "version": "0.214.0",
      "outputs_to_install": [
        "out"
      ],
      "outputs": {
        "out": "/nix/store/dabhkzdbnlfa5nz4s9pgn9748y970gcl-eksctl-0.214.0"
      },
      "system": "aarch64-linux",
      "group": "toplevel",
      "priority": 5
    },
    {
      "attr_path": "eksctl",
      "broken": false,
      "derivation": "/nix/store/4nps3ms3sf5ck1bw8k65rryw8lzb6iy0-eksctl-0.214.0.drv",
      "description": "CLI for Amazon EKS",
      "install_id": "eksctl",
      "license": "Apache-2.0",
      "locked_url": "https://github.com/flox/nixpkgs?rev=7df7ff7d8e00218376575f0acdcc5d66741351ee",
      "name": "eksctl-0.214.0",
      "pname": "eksctl",
      "rev": "7df7ff7d8e00218376575f0acdcc5d66741351ee",
      "rev_count": 870157,
      "rev_date": "2025-10-02T04:57:58Z",
      "scrape_date": "2025-10-03T05:12:15.801124Z",
      "stabilities": [
        "staging",
        "unstable"
      ],
      "unfree": false,
      "version": "0.214.0",
      "outputs_to_install": [
        "out"
      ],
      "outputs": {
        "out": "/nix/store/gx3x4f3ahjkhwvq0a93spxg691v4rn0g-eksctl-0.214.0"
      },
      "system": "x86_64-darwin",
      "group": "toplevel",
      "priority": 5
    },
    {
      "attr_path": "eksctl",
      "broken": false,
      "derivation": "/nix/store/sah0dfjsgcf4avlrv2rs69yjzr0drq84-eksctl-0.214.0.drv",
      "description": "CLI for Amazon EKS",
      "install_id": "eksctl",
      "license": "Apache-2.0",
      "locked_url": "https://github.com/flox/nixpkgs?rev=7df7ff7d8e00218376575f0acdcc5d66741351ee",
      "name": "eksctl-0.214.0",
      "pname": "eksctl",
      "rev": "7df7ff7d8e00218376575f0acdcc5d66741351ee",
      "rev_count": 870157,
      "rev_date": "2025-10-02T04:57:58Z",
      "scrape_date": "2025-10-03T05:27:32.414388Z",
      "stabilities": [
        "staging",
        "unstable"
      ],
      "unfree": false,
      "version": "0.214.0",
      "outputs_to_install": [
        "out"
      ],
      "outputs": {
        "out": "/nix/store/z733f4ibkaxdmbwyfn7h7g5c5cdf91nn-eksctl-0.214.0"
      },
      "system": "x86_64-linux",
      "group": "toplevel",
      "priority": 5
    },
    {
      "attr_path": "terraform",
      "broken": false,
      "derivation": "/nix/store/q92x11xkgnqjamzhn4mmk15317wxkwj8-terraform-1.13.3.drv",
      "description": "Tool for building, changing, and versioning infrastructure",
      "install_id": "terraform",
      "license": "BUSL-1.1",
      "locked_url": "https://github.com/flox/nixpkgs?rev=7df7ff7d8e00218376575f0acdcc5d66741351ee",
      "name": "terraform-1.13.3",
      "pname": "terraform",
      "rev": "7df7ff7d8e00218376575f0acdcc5d66741351ee",
      "rev_count": 870157,
      "rev_date": "2025-10-02T04:57:58Z",
      "scrape_date": "2025-10-03T04:42:06.544280Z",
      "stabilities": [
        "staging",
        "unstable"
      ],
      "unfree": true,
      "version": "1.13.3",
      "outputs_to_install": [
        "out"
      ],
      "outputs": {
        "out": "/nix/store/4pm27dwqyw4v04m566hzfyh195ccrc5i-terraform-1.13.3"
      },
      "system": "aarch64-darwin",
      "group": "toplevel",
      "priority": 5
    },
    {
      "attr_path": "terraform",
      "broken": false,
      "derivation": "/nix/store/n8bpd0pbqfrcxvjkhz8fl3ip0ki527vz-terraform-1.13.3.drv",
      "description": "Tool for building, changing, and versioning infrastructure",
      "install_id": "terraform",
      "license": "BUSL-1.1",
      "locked_url": "https://github.com/flox/nixpkgs?rev=7df7ff7d8e00218376575f0acdcc5d66741351ee",
      "name": "terraform-1.13.3",
      "pname": "terraform",
      "rev": "7df7ff7d8e00218376575f0acdcc5d66741351ee",
      "rev_count": 870157,
      "rev_date": "2025-10-02T04:57:58Z",
      "scrape_date": "2025-10-03T04:59:13.169620Z",
      "stabilities": [
        "staging",
        "unstable"
      ],
      "unfree": true,
      "version": "1.13.3",
      "outputs_to_install": [
        "out"
      ],
      "outputs": {
        "out": "/nix/store/jxc9p7gdzaww2734jzwddzgqbriihscp-terraform-1.13.3"
      },
      "system": "aarch64-linux",
      "group": "toplevel",
      "priority": 5
    },
    {
      "attr_path": "terraform",
      "broken": false,
      "derivation": "/nix/store/x703s8nnqcnm5danlr6pc9m35q4vr5ka-terraform-1.13.3.drv",
      "description": "Tool for building, changing, and versioning infrastructure",
      "install_id": "terraform",
      "license": "BUSL-1.1",
      "locked_url": "https://github.com/flox/nixpkgs?rev=7df7ff7d8e00218376575f0acdcc5d66741351ee",
      "name": "terraform-1.13.3",
      "pname": "terraform",
      "rev": "7df7ff7d8e00218376575f0acdcc5d66741351ee",
      "rev_count": 870157,
      "rev_date": "2025-10-02T04:57:58Z",
      "scrape_date": "2025-10-03T05:14:01.443389Z",
      "stabilities": [
        "staging",
        "unstable"
      ],
      "unfree": true,
      "version": "1.13.3",
      "outputs_to_install": [
        "out"
      ],
      "outputs": {
        "out": "/nix/store/75y0gxay06hzc0fjgikfmyasaj7qys54-terraform-1.13.3"
      },
      "system": "x86_64-darwin",
      "group": "toplevel",
      "priority": 5
    },
    {
      "attr_path": "terraform",
      "broken": false,
      "derivation": "/nix/store/8yj0k3y3pgrlsnvfdc6mlim1cdn5ghda-terraform-1.13.3.drv",
      "description": "Tool for building, changing, and versioning infrastructure",
      "install_id": "terraform",
      "license": "BUSL-1.1",
      "locked_url": "https://github.com/flox/nixpkgs?rev=7df7ff7d8e00218376575f0acdcc5d66741351ee",
      "name": "terraform-1.13.3",
      "pname": "terraform",
      "rev": "7df7ff7d8e00218376575f0acdcc5d66741351ee",
      "rev_count": 870157,
      "rev_date": "2025-10-02T04:57:58Z",
      "scrape_date": "2025-10-03T05:30:11.873002Z",
      "stabilities": [
        "staging",
        "unstable"
      ],
      "unfree": true,
      "version": "1.13.3",
      "outputs_to_install": [
        "out"
      ],
      "outputs": {
        "out": "/nix/store/r0ri9bfmgzw95mqm0v8mji1hm6ql1zqv-terraform-1.13.3"
      },
      "system": "x86_64-linux",
      "group": "toplevel",
      "priority": 5
    }
  ]
}